
Microsoft Visual Studio Solution File, Format Version 12.00
# Visual Studio Version 17
VisualStudioVersion = 17.1.32210.238
MinimumVisualStudioVersion = 10.0.40219.1
Project("{FAE04EC0-301F-11D3-BF4B-00C04F79EFBC}") = "github blin", "github blin\github blin.csproj", "{4D1DD1F1-00B8-4FED-97CE-0F0AA760550C}"
EndProject
Global
	GlobalSection(SolutionConfigurationPlatforms) = preSolution
		Debug|Any CPU = Debug|Any CPU
		Release|Any CPU = Release|Any CPU
	EndGlobalSection
	GlobalSection(ProjectConfigurationPlatforms) = postSolution
		{4D1DD1F1-00B8-4FED-97CE-0F0AA760550C}.Debug|Any CPU.ActiveCfg = Debug|Any CPU
		{4D1DD1F1-00B8-4FED-97CE-0F0AA760550C}.Debug|Any CPU.Build.0 = Debug|Any CPU
		{4D1DD1F1-00B8-4FED-97CE-0F0AA760550C}.Release|Any CPU.ActiveCfg = Release|Any CPU
		{4D1DD1F1-00B8-4FED-97CE-0F0AA760550C}.Release|Any CPU.Build.0 = Release|Any CPU
	EndGlobalSection
	GlobalSection(SolutionProperties) = preSolution
		HideSolutionNode = FALSE
	EndGlobalSection
	GlobalSection(ExtensibilityGlobals) = postSolution
		SolutionGuid = {39B0916A-0D40-4D8D-803E-98511EF35760}
	EndGlobalSection
EndGlobal
